
Microsoft Visual Studio Solution File, Format Version 12.00
# Visual Studio Version 17
VisualStudioVersion = 17.12.35514.174
MinimumVisualStudioVersion = 10.0.40219.1
Project("{FAE04EC0-301F-11D3-BF4B-00C04F79EFBC}") = "OnlineAuction.Tests", "OnlineAuction.Tests\OnlineAuction.Tests.csproj", "{966C956B-F005-4ACA-AD63-D9E38EF7606C}"
EndProject
Project("{FAE04EC0-301F-11D3-BF4B-00C04F79EFBC}") = "OnlineAuction.Core.Entities", "OnlineAuction.Core.Entities\OnlineAuction.Core.Entities.csproj", "{6CDEC6B3-D4F4-4FB2-8E35-2FFABCFFCB1B}"
EndProject
Project("{FAE04EC0-301F-11D3-BF4B-00C04F79EFBC}") = "OnlineAuction.Application.Services", "OnlineAuction.Application.Services\OnlineAuction.Application.Services.csproj", "{E29D12E7-8E46-4E42-BF35-B90852F5DA54}"
EndProject
Project("{FAE04EC0-301F-11D3-BF4B-00C04F79EFBC}") = "OnlineAuction.API", "OnlineAuction.API\OnlineAuction.API.csproj", "{A78D1B3E-E28C-42EF-AF92-E33C5CA4DBC4}"
EndProject
Global
	GlobalSection(SolutionConfigurationPlatforms) = preSolution
		Debug|Any CPU = Debug|Any CPU
		Release|Any CPU = Release|Any CPU
	EndGlobalSection
	GlobalSection(ProjectConfigurationPlatforms) = postSolution
		{966C956B-F005-4ACA-AD63-D9E38EF7606C}.Debug|Any CPU.ActiveCfg = Debug|Any CPU
		{966C956B-F005-4ACA-AD63-D9E38EF7606C}.Debug|Any CPU.Build.0 = Debug|Any CPU
		{966C956B-F005-4ACA-AD63-D9E38EF7606C}.Release|Any CPU.ActiveCfg = Release|Any CPU
		{966C956B-F005-4ACA-AD63-D9E38EF7606C}.Release|Any CPU.Build.0 = Release|Any CPU
		{6CDEC6B3-D4F4-4FB2-8E35-2FFABCFFCB1B}.Debug|Any CPU.ActiveCfg = Debug|Any CPU
		{6CDEC6B3-D4F4-4FB2-8E35-2FFABCFFCB1B}.Debug|Any CPU.Build.0 = Debug|Any CPU
		{6CDEC6B3-D4F4-4FB2-8E35-2FFABCFFCB1B}.Release|Any CPU.ActiveCfg = Release|Any CPU
		{6CDEC6B3-D4F4-4FB2-8E35-2FFABCFFCB1B}.Release|Any CPU.Build.0 = Release|Any CPU
		{E29D12E7-8E46-4E42-BF35-B90852F5DA54}.Debug|Any CPU.ActiveCfg = Debug|Any CPU
		{E29D12E7-8E46-4E42-BF35-B90852F5DA54}.Debug|Any CPU.Build.0 = Debug|Any CPU
		{E29D12E7-8E46-4E42-BF35-B90852F5DA54}.Release|Any CPU.ActiveCfg = Release|Any CPU
		{E29D12E7-8E46-4E42-BF35-B90852F5DA54}.Release|Any CPU.Build.0 = Release|Any CPU
		{A78D1B3E-E28C-42EF-AF92-E33C5CA4DBC4}.Debug|Any CPU.ActiveCfg = Debug|Any CPU
		{A78D1B3E-E28C-42EF-AF92-E33C5CA4DBC4}.Debug|Any CPU.Build.0 = Debug|Any CPU
		{A78D1B3E-E28C-42EF-AF92-E33C5CA4DBC4}.Release|Any CPU.ActiveCfg = Release|Any CPU
		{A78D1B3E-E28C-42EF-AF92-E33C5CA4DBC4}.Release|Any CPU.Build.0 = Release|Any CPU
	EndGlobalSection
	GlobalSection(SolutionProperties) = preSolution
		HideSolutionNode = FALSE
	EndGlobalSection
EndGlobal
